
Microsoft Visual Studio Solution File, Format Version 12.00
# Visual Studio Version 16
VisualStudioVersion = 16.0.30611.23
MinimumVisualStudioVersion = 10.0.40219.1
Project("{9A19103F-16F7-4668-BE54-9A1E7A4F7556}") = "PendAdvisorTrainer", "PendAdvisorTrainer\PendAdvisorTrainer.csproj", "{9AB810BF-0FD5-46C2-B3CF-CFE5828579DD}"
EndProject
Project("{2150E333-8FDC-42A3-9474-1A3956D46DE8}") = "Solution Items", "Solution Items", "{BA2110D3-632C-415F-AAF0-480453371CC0}"
	ProjectSection(SolutionItems) = preProject
		LICENSE = LICENSE
		README.md = README.md
	EndProjectSection
EndProject
Project("{9A19103F-16F7-4668-BE54-9A1E7A4F7556}") = "PendAdvisorModel", "PendAdvisorModel\PendAdvisorModel.csproj", "{0EE59AE5-506E-449B-84A5-E62567F2874F}"
EndProject
Project("{9A19103F-16F7-4668-BE54-9A1E7A4F7556}") = "PendAdvisorModel.Tests", "PendAdvisorModel.Tests\PendAdvisorModel.Tests.csproj", "{87095959-52E0-4FE2-BBA1-A90C91FA2DC1}"
EndProject
Project("{FAE04EC0-301F-11D3-BF4B-00C04F79EFBC}") = "PendAdvisor.API", "PendAdvisor.API\PendAdvisor.API.csproj", "{2561308F-F2F0-47B4-B6C8-853513C5E425}"
EndProject
Global
	GlobalSection(SolutionConfigurationPlatforms) = preSolution
		Debug|Any CPU = Debug|Any CPU
		Release|Any CPU = Release|Any CPU
	EndGlobalSection
	GlobalSection(ProjectConfigurationPlatforms) = postSolution
		{9AB810BF-0FD5-46C2-B3CF-CFE5828579DD}.Debug|Any CPU.ActiveCfg = Debug|Any CPU
		{9AB810BF-0FD5-46C2-B3CF-CFE5828579DD}.Debug|Any CPU.Build.0 = Debug|Any CPU
		{9AB810BF-0FD5-46C2-B3CF-CFE5828579DD}.Release|Any CPU.ActiveCfg = Release|Any CPU
		{9AB810BF-0FD5-46C2-B3CF-CFE5828579DD}.Release|Any CPU.Build.0 = Release|Any CPU
		{0EE59AE5-506E-449B-84A5-E62567F2874F}.Debug|Any CPU.ActiveCfg = Debug|Any CPU
		{0EE59AE5-506E-449B-84A5-E62567F2874F}.Debug|Any CPU.Build.0 = Debug|Any CPU
		{0EE59AE5-506E-449B-84A5-E62567F2874F}.Release|Any CPU.ActiveCfg = Release|Any CPU
		{0EE59AE5-506E-449B-84A5-E62567F2874F}.Release|Any CPU.Build.0 = Release|Any CPU
		{87095959-52E0-4FE2-BBA1-A90C91FA2DC1}.Debug|Any CPU.ActiveCfg = Debug|Any CPU
		{87095959-52E0-4FE2-BBA1-A90C91FA2DC1}.Debug|Any CPU.Build.0 = Debug|Any CPU
		{87095959-52E0-4FE2-BBA1-A90C91FA2DC1}.Release|Any CPU.ActiveCfg = Release|Any CPU
		{87095959-52E0-4FE2-BBA1-A90C91FA2DC1}.Release|Any CPU.Build.0 = Release|Any CPU
		{2561308F-F2F0-47B4-B6C8-853513C5E425}.Debug|Any CPU.ActiveCfg = Debug|Any CPU
		{2561308F-F2F0-47B4-B6C8-853513C5E425}.Debug|Any CPU.Build.0 = Debug|Any CPU
		{2561308F-F2F0-47B4-B6C8-853513C5E425}.Release|Any CPU.ActiveCfg = Release|Any CPU
		{2561308F-F2F0-47B4-B6C8-853513C5E425}.Release|Any CPU.Build.0 = Release|Any CPU
	EndGlobalSection
	GlobalSection(SolutionProperties) = preSolution
		HideSolutionNode = FALSE
	EndGlobalSection
	GlobalSection(ExtensibilityGlobals) = postSolution
		SolutionGuid = {DFD016DF-646A-4298-800B-84865D6AB532}
	EndGlobalSection
EndGlobal
